{
  "name": "ajs-platforms-1",
  "lockfileVersion": 2,
  "requires": true,
  "packages": {
    "": {
      "dependencies": {
        "@olesya1988/ajs-platforms": "^1.0.0"
      }
    },
    "node_modules/@olesya1988/ajs-platforms": {
      "version": "1.0.0",
      "resolved": "https://npm.pkg.github.com/download/@olesya1988/ajs-platforms/1.0.0/f4698453d79792347abd9978de15b3f0c80dd51b",
      "integrity": "sha512-3ce1zRn5TbbZib+7ym+h7hzkip6Yncm/zHly2MS72bBIqQvDOK6CdjnbwZfxq11EofvsyYdvVo+60BTuIzXl2g==",
      "license": "ISC"
    }
  },
  "dependencies": {
    "@olesya1988/ajs-platforms": {
      "version": "1.0.0",
      "resolved": "https://npm.pkg.github.com/download/@olesya1988/ajs-platforms/1.0.0/f4698453d79792347abd9978de15b3f0c80dd51b",
      "integrity": "sha512-3ce1zRn5TbbZib+7ym+h7hzkip6Yncm/zHly2MS72bBIqQvDOK6CdjnbwZfxq11EofvsyYdvVo+60BTuIzXl2g=="
    }
  }
}
